{
  "object": {
    "pins": [
      {
        "package": "DZNEmptyDataSet",
        "repositoryURL": "https://github.com/dzenbot/DZNEmptyDataSet.git",
        "state": {
          "branch": "master",
          "revision": "9bffa69a83a9fa58a14b3cf43cb6dd8a63774179",
          "version": null
        }
      },
      {
        "package": "ParseSwift",
        "repositoryURL": "https://github.com/parse-community/Parse-Swift.git",
        "state": {
          "branch": null,
          "revision": "c119033f44b91570997ad24f7b4b5af8e4d47b64",
          "version": null
        }
      }
    ]
  },
  "version": 1
}
